
Microsoft Visual Studio Solution File, Format Version 12.00
# Visual Studio 15
VisualStudioVersion = 15.0.28010.2026
MinimumVisualStudioVersion = 10.0.40219.1
Project("{FAE04EC0-301F-11D3-BF4B-00C04F79EFBC}") = "API", "API\API.csproj", "{CC61CA58-6C0A-4600-8581-C4CB7233810A}"
EndProject
Global
	GlobalSection(SolutionConfigurationPlatforms) = preSolution
		Debug|Any CPU = Debug|Any CPU
		Release|Any CPU = Release|Any CPU
	EndGlobalSection
	GlobalSection(ProjectConfigurationPlatforms) = postSolution
		{CC61CA58-6C0A-4600-8581-C4CB7233810A}.Debug|Any CPU.ActiveCfg = Debug|Any CPU
		{CC61CA58-6C0A-4600-8581-C4CB7233810A}.Debug|Any CPU.Build.0 = Debug|Any CPU
		{CC61CA58-6C0A-4600-8581-C4CB7233810A}.Release|Any CPU.ActiveCfg = Release|Any CPU
		{CC61CA58-6C0A-4600-8581-C4CB7233810A}.Release|Any CPU.Build.0 = Release|Any CPU
	EndGlobalSection
	GlobalSection(SolutionProperties) = preSolution
		HideSolutionNode = FALSE
	EndGlobalSection
	GlobalSection(ExtensibilityGlobals) = postSolution
		SolutionGuid = {201EBA47-2C71-4858-99E5-140B104F3FE0}
	EndGlobalSection
EndGlobal
